
Microsoft Visual Studio Solution File, Format Version 12.00
# Visual Studio Version 16
VisualStudioVersion = 16.0.30413.136
MinimumVisualStudioVersion = 10.0.40219.1
Project("{FAE04EC0-301F-11D3-BF4B-00C04F79EFBC}") = "Scores.UI", "Scores.UI\Scores.UI.csproj", "{7A39544F-3801-4BCF-AAA4-18A949A26801}"
EndProject
Project("{FAE04EC0-301F-11D3-BF4B-00C04F79EFBC}") = "Scores.Database", "Scores.Database\Scores.Database.csproj", "{6EB26E57-67A7-41F6-9C4B-FDBB5B39C274}"
EndProject
Project("{FAE04EC0-301F-11D3-BF4B-00C04F79EFBC}") = "Scores.Application", "Scores.Application\Scores.Application.csproj", "{0AC75A50-E2F5-4FE4-B643-19AE418676F6}"
EndProject
Project("{FAE04EC0-301F-11D3-BF4B-00C04F79EFBC}") = "Scores.Domain", "Scores.Domain\Scores.Domain.csproj", "{FB48DC4C-2543-433C-BA1D-C8C5398F8FE4}"
EndProject
Global
	GlobalSection(SolutionConfigurationPlatforms) = preSolution
		Debug|Any CPU = Debug|Any CPU
		Release|Any CPU = Release|Any CPU
	EndGlobalSection
	GlobalSection(ProjectConfigurationPlatforms) = postSolution
		{7A39544F-3801-4BCF-AAA4-18A949A26801}.Debug|Any CPU.ActiveCfg = Debug|Any CPU
		{7A39544F-3801-4BCF-AAA4-18A949A26801}.Debug|Any CPU.Build.0 = Debug|Any CPU
		{7A39544F-3801-4BCF-AAA4-18A949A26801}.Release|Any CPU.ActiveCfg = Release|Any CPU
		{7A39544F-3801-4BCF-AAA4-18A949A26801}.Release|Any CPU.Build.0 = Release|Any CPU
		{6EB26E57-67A7-41F6-9C4B-FDBB5B39C274}.Debug|Any CPU.ActiveCfg = Debug|Any CPU
		{6EB26E57-67A7-41F6-9C4B-FDBB5B39C274}.Debug|Any CPU.Build.0 = Debug|Any CPU
		{6EB26E57-67A7-41F6-9C4B-FDBB5B39C274}.Release|Any CPU.ActiveCfg = Release|Any CPU
		{6EB26E57-67A7-41F6-9C4B-FDBB5B39C274}.Release|Any CPU.Build.0 = Release|Any CPU
		{0AC75A50-E2F5-4FE4-B643-19AE418676F6}.Debug|Any CPU.ActiveCfg = Debug|Any CPU
		{0AC75A50-E2F5-4FE4-B643-19AE418676F6}.Debug|Any CPU.Build.0 = Debug|Any CPU
		{0AC75A50-E2F5-4FE4-B643-19AE418676F6}.Release|Any CPU.ActiveCfg = Release|Any CPU
		{0AC75A50-E2F5-4FE4-B643-19AE418676F6}.Release|Any CPU.Build.0 = Release|Any CPU
		{FB48DC4C-2543-433C-BA1D-C8C5398F8FE4}.Debug|Any CPU.ActiveCfg = Debug|Any CPU
		{FB48DC4C-2543-433C-BA1D-C8C5398F8FE4}.Debug|Any CPU.Build.0 = Debug|Any CPU
		{FB48DC4C-2543-433C-BA1D-C8C5398F8FE4}.Release|Any CPU.ActiveCfg = Release|Any CPU
		{FB48DC4C-2543-433C-BA1D-C8C5398F8FE4}.Release|Any CPU.Build.0 = Release|Any CPU
	EndGlobalSection
	GlobalSection(SolutionProperties) = preSolution
		HideSolutionNode = FALSE
	EndGlobalSection
	GlobalSection(ExtensibilityGlobals) = postSolution
		SolutionGuid = {56441212-265A-497A-AF4F-18DEAE968F9C}
	EndGlobalSection
EndGlobal
